
Microsoft Visual Studio Solution File, Format Version 12.00
# Visual Studio Version 17
VisualStudioVersion = 17.1.32210.238
MinimumVisualStudioVersion = 10.0.40219.1
Project("{2150E333-8FDC-42A3-9474-1A3956D46DE8}") = "src", "src", "{CFFB1EB9-6447-4C20-8400-27D7E2B04508}"
EndProject
Project("{2150E333-8FDC-42A3-9474-1A3956D46DE8}") = "corePackages", "corePackages", "{01B7F227-CE8F-41FD-9AF8-6AF5E5259161}"
EndProject
Project("{9A19103F-16F7-4668-BE54-9A1E7A4F7556}") = "Core.Application", "src\corePackages\Core.Application\Core.Application.csproj", "{CD9A8AA1-5CAB-4218-91C5-2550BB86354A}"
EndProject
Project("{9A19103F-16F7-4668-BE54-9A1E7A4F7556}") = "Core.CrossCuttingConcerns", "src\corePackages\Core.CrossCuttingConcers\Core.CrossCuttingConcerns.csproj", "{A6D04B11-0C09-4361-B044-B743F61D9E06}"
EndProject
Project("{9A19103F-16F7-4668-BE54-9A1E7A4F7556}") = "Core.ElasticSearch", "src\corePackages\Core.ElasticSearch\Core.ElasticSearch.csproj", "{EAE0F331-1D99-42F6-9926-34C3EAD78BBF}"
EndProject
Project("{9A19103F-16F7-4668-BE54-9A1E7A4F7556}") = "Core.Mailing", "src\corePackages\Core.Mailing\Core.Mailing.csproj", "{4EA615C5-8C04-4EA1-91DA-C86DA54D2E63}"
EndProject
Project("{9A19103F-16F7-4668-BE54-9A1E7A4F7556}") = "Core.Persistence", "src\corePackages\Core.Persistence\Core.Persistence.csproj", "{54635492-7F95-449B-8C5B-493566F68D4A}"
EndProject
Project("{9A19103F-16F7-4668-BE54-9A1E7A4F7556}") = "Core.Security", "src\corePackages\Core.Security\Core.Security.csproj", "{00AA7CFA-B348-4303-B3D0-40750DA10B94}"
EndProject
Project("{2150E333-8FDC-42A3-9474-1A3956D46DE8}") = "Kodlama.io.Devs", "Kodlama.io.Devs", "{3F2523E0-B240-432D-8CD4-A0DA9DE33706}"
EndProject
Project("{9A19103F-16F7-4668-BE54-9A1E7A4F7556}") = "Application", "src\Kodlama.io.Dev\Application\Application.csproj", "{C6728987-F155-4666-BFEA-3D39783F1D39}"
EndProject
Project("{9A19103F-16F7-4668-BE54-9A1E7A4F7556}") = "Domain", "src\Kodlama.io.Dev\Domain\Domain.csproj", "{75D652BA-AC3A-4162-9196-930A5A7C8A75}"
EndProject
Project("{9A19103F-16F7-4668-BE54-9A1E7A4F7556}") = "Infrastructure", "src\Kodlama.io.Dev\Infrastructure\Infrastructure.csproj", "{B1EC91CD-75DD-453C-B669-E3C4AA4A74EC}"
EndProject
Project("{9A19103F-16F7-4668-BE54-9A1E7A4F7556}") = "Persistence", "src\Kodlama.io.Dev\Persistence\Persistence.csproj", "{CB851679-F59D-4530-8369-08E90D3E9AFF}"
EndProject
Project("{9A19103F-16F7-4668-BE54-9A1E7A4F7556}") = "WebAPI", "src\Kodlama.io.Dev\WebAPI\WebAPI.csproj", "{84E20A89-BF70-4FCB-8BF2-6939F4CE87C5}"
EndProject
Global
	GlobalSection(SolutionConfigurationPlatforms) = preSolution
		Debug|Any CPU = Debug|Any CPU
		Release|Any CPU = Release|Any CPU
	EndGlobalSection
	GlobalSection(ProjectConfigurationPlatforms) = postSolution
		{CD9A8AA1-5CAB-4218-91C5-2550BB86354A}.Debug|Any CPU.ActiveCfg = Debug|Any CPU
		{CD9A8AA1-5CAB-4218-91C5-2550BB86354A}.Debug|Any CPU.Build.0 = Debug|Any CPU
		{CD9A8AA1-5CAB-4218-91C5-2550BB86354A}.Release|Any CPU.ActiveCfg = Release|Any CPU
		{CD9A8AA1-5CAB-4218-91C5-2550BB86354A}.Release|Any CPU.Build.0 = Release|Any CPU
		{A6D04B11-0C09-4361-B044-B743F61D9E06}.Debug|Any CPU.ActiveCfg = Debug|Any CPU
		{A6D04B11-0C09-4361-B044-B743F61D9E06}.Debug|Any CPU.Build.0 = Debug|Any CPU
		{A6D04B11-0C09-4361-B044-B743F61D9E06}.Release|Any CPU.ActiveCfg = Release|Any CPU
		{A6D04B11-0C09-4361-B044-B743F61D9E06}.Release|Any CPU.Build.0 = Release|Any CPU
		{EAE0F331-1D99-42F6-9926-34C3EAD78BBF}.Debug|Any CPU.ActiveCfg = Debug|Any CPU
		{EAE0F331-1D99-42F6-9926-34C3EAD78BBF}.Debug|Any CPU.Build.0 = Debug|Any CPU
		{EAE0F331-1D99-42F6-9926-34C3EAD78BBF}.Release|Any CPU.ActiveCfg = Release|Any CPU
		{EAE0F331-1D99-42F6-9926-34C3EAD78BBF}.Release|Any CPU.Build.0 = Release|Any CPU
		{4EA615C5-8C04-4EA1-91DA-C86DA54D2E63}.Debug|Any CPU.ActiveCfg = Debug|Any CPU
		{4EA615C5-8C04-4EA1-91DA-C86DA54D2E63}.Debug|Any CPU.Build.0 = Debug|Any CPU
		{4EA615C5-8C04-4EA1-91DA-C86DA54D2E63}.Release|Any CPU.ActiveCfg = Release|Any CPU
		{4EA615C5-8C04-4EA1-91DA-C86DA54D2E63}.Release|Any CPU.Build.0 = Release|Any CPU
		{54635492-7F95-449B-8C5B-493566F68D4A}.Debug|Any CPU.ActiveCfg = Debug|Any CPU
		{54635492-7F95-449B-8C5B-493566F68D4A}.Debug|Any CPU.Build.0 = Debug|Any CPU
		{54635492-7F95-449B-8C5B-493566F68D4A}.Release|Any CPU.ActiveCfg = Release|Any CPU
		{54635492-7F95-449B-8C5B-493566F68D4A}.Release|Any CPU.Build.0 = Release|Any CPU
		{00AA7CFA-B348-4303-B3D0-40750DA10B94}.Debug|Any CPU.ActiveCfg = Debug|Any CPU
		{00AA7CFA-B348-4303-B3D0-40750DA10B94}.Debug|Any CPU.Build.0 = Debug|Any CPU
		{00AA7CFA-B348-4303-B3D0-40750DA10B94}.Release|Any CPU.ActiveCfg = Release|Any CPU
		{00AA7CFA-B348-4303-B3D0-40750DA10B94}.Release|Any CPU.Build.0 = Release|Any CPU
		{C6728987-F155-4666-BFEA-3D39783F1D39}.Debug|Any CPU.ActiveCfg = Debug|Any CPU
		{C6728987-F155-4666-BFEA-3D39783F1D39}.Debug|Any CPU.Build.0 = Debug|Any CPU
		{C6728987-F155-4666-BFEA-3D39783F1D39}.Release|Any CPU.ActiveCfg = Release|Any CPU
		{C6728987-F155-4666-BFEA-3D39783F1D39}.Release|Any CPU.Build.0 = Release|Any CPU
		{75D652BA-AC3A-4162-9196-930A5A7C8A75}.Debug|Any CPU.ActiveCfg = Debug|Any CPU
		{75D652BA-AC3A-4162-9196-930A5A7C8A75}.Debug|Any CPU.Build.0 = Debug|Any CPU
		{75D652BA-AC3A-4162-9196-930A5A7C8A75}.Release|Any CPU.ActiveCfg = Release|Any CPU
		{75D652BA-AC3A-4162-9196-930A5A7C8A75}.Release|Any CPU.Build.0 = Release|Any CPU
		{B1EC91CD-75DD-453C-B669-E3C4AA4A74EC}.Debug|Any CPU.ActiveCfg = Debug|Any CPU
		{B1EC91CD-75DD-453C-B669-E3C4AA4A74EC}.Debug|Any CPU.Build.0 = Debug|Any CPU
		{B1EC91CD-75DD-453C-B669-E3C4AA4A74EC}.Release|Any CPU.ActiveCfg = Release|Any CPU
		{B1EC91CD-75DD-453C-B669-E3C4AA4A74EC}.Release|Any CPU.Build.0 = Release|Any CPU
		{CB851679-F59D-4530-8369-08E90D3E9AFF}.Debug|Any CPU.ActiveCfg = Debug|Any CPU
		{CB851679-F59D-4530-8369-08E90D3E9AFF}.Debug|Any CPU.Build.0 = Debug|Any CPU
		{CB851679-F59D-4530-8369-08E90D3E9AFF}.Release|Any CPU.ActiveCfg = Release|Any CPU
		{CB851679-F59D-4530-8369-08E90D3E9AFF}.Release|Any CPU.Build.0 = Release|Any CPU
		{84E20A89-BF70-4FCB-8BF2-6939F4CE87C5}.Debug|Any CPU.ActiveCfg = Debug|Any CPU
		{84E20A89-BF70-4FCB-8BF2-6939F4CE87C5}.Debug|Any CPU.Build.0 = Debug|Any CPU
		{84E20A89-BF70-4FCB-8BF2-6939F4CE87C5}.Release|Any CPU.ActiveCfg = Release|Any CPU
		{84E20A89-BF70-4FCB-8BF2-6939F4CE87C5}.Release|Any CPU.Build.0 = Release|Any CPU
	EndGlobalSection
	GlobalSection(SolutionProperties) = preSolution
		HideSolutionNode = FALSE
	EndGlobalSection
	GlobalSection(NestedProjects) = preSolution
		{01B7F227-CE8F-41FD-9AF8-6AF5E5259161} = {CFFB1EB9-6447-4C20-8400-27D7E2B04508}
		{CD9A8AA1-5CAB-4218-91C5-2550BB86354A} = {01B7F227-CE8F-41FD-9AF8-6AF5E5259161}
		{A6D04B11-0C09-4361-B044-B743F61D9E06} = {01B7F227-CE8F-41FD-9AF8-6AF5E5259161}
		{EAE0F331-1D99-42F6-9926-34C3EAD78BBF} = {01B7F227-CE8F-41FD-9AF8-6AF5E5259161}
		{4EA615C5-8C04-4EA1-91DA-C86DA54D2E63} = {01B7F227-CE8F-41FD-9AF8-6AF5E5259161}
		{54635492-7F95-449B-8C5B-493566F68D4A} = {01B7F227-CE8F-41FD-9AF8-6AF5E5259161}
		{00AA7CFA-B348-4303-B3D0-40750DA10B94} = {01B7F227-CE8F-41FD-9AF8-6AF5E5259161}
		{3F2523E0-B240-432D-8CD4-A0DA9DE33706} = {CFFB1EB9-6447-4C20-8400-27D7E2B04508}
		{C6728987-F155-4666-BFEA-3D39783F1D39} = {3F2523E0-B240-432D-8CD4-A0DA9DE33706}
		{75D652BA-AC3A-4162-9196-930A5A7C8A75} = {3F2523E0-B240-432D-8CD4-A0DA9DE33706}
		{B1EC91CD-75DD-453C-B669-E3C4AA4A74EC} = {3F2523E0-B240-432D-8CD4-A0DA9DE33706}
		{CB851679-F59D-4530-8369-08E90D3E9AFF} = {3F2523E0-B240-432D-8CD4-A0DA9DE33706}
		{84E20A89-BF70-4FCB-8BF2-6939F4CE87C5} = {3F2523E0-B240-432D-8CD4-A0DA9DE33706}
	EndGlobalSection
	GlobalSection(ExtensibilityGlobals) = postSolution
		SolutionGuid = {C127633B-AB1B-43AE-A516-DCF06F13F757}
	EndGlobalSection
EndGlobal
