
Microsoft Visual Studio Solution File, Format Version 12.00
# Visual Studio Version 17
VisualStudioVersion = 17.1.32210.238
MinimumVisualStudioVersion = 10.0.40219.1
Project("{2150E333-8FDC-42A3-9474-1A3956D46DE8}") = "src", "src", "{CFFB1EB9-6447-4C20-8400-27D7E2B04508}"
EndProject
Project("{2150E333-8FDC-42A3-9474-1A3956D46DE8}") = "corePackages", "corePackages", "{01B7F227-CE8F-41FD-9AF8-6AF5E5259161}"
EndProject
Project("{9A19103F-16F7-4668-BE54-9A1E7A4F7556}") = "Core.Application", "src\corePackages\Core.Application\Core.Application.csproj", "{CD9A8AA1-5CAB-4218-91C5-2550BB86354A}"
EndProject
Project("{9A19103F-16F7-4668-BE54-9A1E7A4F7556}") = "Core.CrossCuttingConcerns", "src\corePackages\Core.CrossCuttingConcers\Core.CrossCuttingConcerns.csproj", "{A6D04B11-0C09-4361-B044-B743F61D9E06}"
EndProject
Project("{9A19103F-16F7-4668-BE54-9A1E7A4F7556}") = "Core.ElasticSearch", "src\corePackages\Core.ElasticSearch\Core.ElasticSearch.csproj", "{EAE0F331-1D99-42F6-9926-34C3EAD78BBF}"
EndProject
Project("{9A19103F-16F7-4668-BE54-9A1E7A4F7556}") = "Core.Mailing", "src\corePackages\Core.Mailing\Core.Mailing.csproj", "{4EA615C5-8C04-4EA1-91DA-C86DA54D2E63}"
EndProject
Project("{9A19103F-16F7-4668-BE54-9A1E7A4F7556}") = "Core.Persistence", "src\corePackages\Core.Persistence\Core.Persistence.csproj", "{54635492-7F95-449B-8C5B-493566F68D4A}"
EndProject
Project("{9A19103F-16F7-4668-BE54-9A1E7A4F7556}") = "Core.Security", "src\corePackages\Core.Security\Core.Security.csproj", "{00AA7CFA-B348-4303-B3D0-40750DA10B94}"
EndProject
Project("{2150E333-8FDC-42A3-9474-1A3956D46DE8}") = "Projects", "Projects", "{5FE99439-ED53-4216-900E-BCE945B823A8}"
EndProject
Project("{2150E333-8FDC-42A3-9474-1A3956D46DE8}") = "Homework_1", "Homework_1", "{8FEE8B39-FD29-42F2-AEF7-23EA8BF77A64}"
EndProject
Project("{FAE04EC0-301F-11D3-BF4B-00C04F79EFBC}") = "WebAPI", "src\Projects\Homework_1\WebAPI\WebAPI.csproj", "{FA2D0E47-A4BE-4242-9729-05AF713D1F83}"
EndProject
Project("{FAE04EC0-301F-11D3-BF4B-00C04F79EFBC}") = "Application", "src\Projects\Homework_1\Application\Application.csproj", "{E6C3A601-675C-4CFB-B35C-96C12A1F29E7}"
EndProject
Project("{FAE04EC0-301F-11D3-BF4B-00C04F79EFBC}") = "Domain", "src\Projects\Homework_1\Domain\Domain.csproj", "{D376ADDC-AD31-4F09-B591-1251BDBC2AF6}"
EndProject
Project("{FAE04EC0-301F-11D3-BF4B-00C04F79EFBC}") = "Infrastructure", "src\Projects\Homework_1\Infrastructure\Infrastructure.csproj", "{88278890-7E9E-4581-BEA8-320EF3BD8914}"
EndProject
Project("{FAE04EC0-301F-11D3-BF4B-00C04F79EFBC}") = "Persistence", "src\Projects\Homework_1\Persistence\Persistence.csproj", "{BBB5045B-D84E-4494-9812-9B3BE2D5F666}"
EndProject
Global
	GlobalSection(SolutionConfigurationPlatforms) = preSolution
		Debug|Any CPU = Debug|Any CPU
		Release|Any CPU = Release|Any CPU
	EndGlobalSection
	GlobalSection(ProjectConfigurationPlatforms) = postSolution
		{CD9A8AA1-5CAB-4218-91C5-2550BB86354A}.Debug|Any CPU.ActiveCfg = Debug|Any CPU
		{CD9A8AA1-5CAB-4218-91C5-2550BB86354A}.Debug|Any CPU.Build.0 = Debug|Any CPU
		{CD9A8AA1-5CAB-4218-91C5-2550BB86354A}.Release|Any CPU.ActiveCfg = Release|Any CPU
		{CD9A8AA1-5CAB-4218-91C5-2550BB86354A}.Release|Any CPU.Build.0 = Release|Any CPU
		{A6D04B11-0C09-4361-B044-B743F61D9E06}.Debug|Any CPU.ActiveCfg = Debug|Any CPU
		{A6D04B11-0C09-4361-B044-B743F61D9E06}.Debug|Any CPU.Build.0 = Debug|Any CPU
		{A6D04B11-0C09-4361-B044-B743F61D9E06}.Release|Any CPU.ActiveCfg = Release|Any CPU
		{A6D04B11-0C09-4361-B044-B743F61D9E06}.Release|Any CPU.Build.0 = Release|Any CPU
		{EAE0F331-1D99-42F6-9926-34C3EAD78BBF}.Debug|Any CPU.ActiveCfg = Debug|Any CPU
		{EAE0F331-1D99-42F6-9926-34C3EAD78BBF}.Debug|Any CPU.Build.0 = Debug|Any CPU
		{EAE0F331-1D99-42F6-9926-34C3EAD78BBF}.Release|Any CPU.ActiveCfg = Release|Any CPU
		{EAE0F331-1D99-42F6-9926-34C3EAD78BBF}.Release|Any CPU.Build.0 = Release|Any CPU
		{4EA615C5-8C04-4EA1-91DA-C86DA54D2E63}.Debug|Any CPU.ActiveCfg = Debug|Any CPU
		{4EA615C5-8C04-4EA1-91DA-C86DA54D2E63}.Debug|Any CPU.Build.0 = Debug|Any CPU
		{4EA615C5-8C04-4EA1-91DA-C86DA54D2E63}.Release|Any CPU.ActiveCfg = Release|Any CPU
		{4EA615C5-8C04-4EA1-91DA-C86DA54D2E63}.Release|Any CPU.Build.0 = Release|Any CPU
		{54635492-7F95-449B-8C5B-493566F68D4A}.Debug|Any CPU.ActiveCfg = Debug|Any CPU
		{54635492-7F95-449B-8C5B-493566F68D4A}.Debug|Any CPU.Build.0 = Debug|Any CPU
		{54635492-7F95-449B-8C5B-493566F68D4A}.Release|Any CPU.ActiveCfg = Release|Any CPU
		{54635492-7F95-449B-8C5B-493566F68D4A}.Release|Any CPU.Build.0 = Release|Any CPU
		{00AA7CFA-B348-4303-B3D0-40750DA10B94}.Debug|Any CPU.ActiveCfg = Debug|Any CPU
		{00AA7CFA-B348-4303-B3D0-40750DA10B94}.Debug|Any CPU.Build.0 = Debug|Any CPU
		{00AA7CFA-B348-4303-B3D0-40750DA10B94}.Release|Any CPU.ActiveCfg = Release|Any CPU
		{00AA7CFA-B348-4303-B3D0-40750DA10B94}.Release|Any CPU.Build.0 = Release|Any CPU
		{FA2D0E47-A4BE-4242-9729-05AF713D1F83}.Debug|Any CPU.ActiveCfg = Debug|Any CPU
		{FA2D0E47-A4BE-4242-9729-05AF713D1F83}.Debug|Any CPU.Build.0 = Debug|Any CPU
		{FA2D0E47-A4BE-4242-9729-05AF713D1F83}.Release|Any CPU.ActiveCfg = Release|Any CPU
		{FA2D0E47-A4BE-4242-9729-05AF713D1F83}.Release|Any CPU.Build.0 = Release|Any CPU
		{E6C3A601-675C-4CFB-B35C-96C12A1F29E7}.Debug|Any CPU.ActiveCfg = Debug|Any CPU
		{E6C3A601-675C-4CFB-B35C-96C12A1F29E7}.Debug|Any CPU.Build.0 = Debug|Any CPU
		{E6C3A601-675C-4CFB-B35C-96C12A1F29E7}.Release|Any CPU.ActiveCfg = Release|Any CPU
		{E6C3A601-675C-4CFB-B35C-96C12A1F29E7}.Release|Any CPU.Build.0 = Release|Any CPU
		{D376ADDC-AD31-4F09-B591-1251BDBC2AF6}.Debug|Any CPU.ActiveCfg = Debug|Any CPU
		{D376ADDC-AD31-4F09-B591-1251BDBC2AF6}.Debug|Any CPU.Build.0 = Debug|Any CPU
		{D376ADDC-AD31-4F09-B591-1251BDBC2AF6}.Release|Any CPU.ActiveCfg = Release|Any CPU
		{D376ADDC-AD31-4F09-B591-1251BDBC2AF6}.Release|Any CPU.Build.0 = Release|Any CPU
		{88278890-7E9E-4581-BEA8-320EF3BD8914}.Debug|Any CPU.ActiveCfg = Debug|Any CPU
		{88278890-7E9E-4581-BEA8-320EF3BD8914}.Debug|Any CPU.Build.0 = Debug|Any CPU
		{88278890-7E9E-4581-BEA8-320EF3BD8914}.Release|Any CPU.ActiveCfg = Release|Any CPU
		{88278890-7E9E-4581-BEA8-320EF3BD8914}.Release|Any CPU.Build.0 = Release|Any CPU
		{BBB5045B-D84E-4494-9812-9B3BE2D5F666}.Debug|Any CPU.ActiveCfg = Debug|Any CPU
		{BBB5045B-D84E-4494-9812-9B3BE2D5F666}.Debug|Any CPU.Build.0 = Debug|Any CPU
		{BBB5045B-D84E-4494-9812-9B3BE2D5F666}.Release|Any CPU.ActiveCfg = Release|Any CPU
		{BBB5045B-D84E-4494-9812-9B3BE2D5F666}.Release|Any CPU.Build.0 = Release|Any CPU
	EndGlobalSection
	GlobalSection(SolutionProperties) = preSolution
		HideSolutionNode = FALSE
	EndGlobalSection
	GlobalSection(NestedProjects) = preSolution
		{01B7F227-CE8F-41FD-9AF8-6AF5E5259161} = {CFFB1EB9-6447-4C20-8400-27D7E2B04508}
		{CD9A8AA1-5CAB-4218-91C5-2550BB86354A} = {01B7F227-CE8F-41FD-9AF8-6AF5E5259161}
		{A6D04B11-0C09-4361-B044-B743F61D9E06} = {01B7F227-CE8F-41FD-9AF8-6AF5E5259161}
		{EAE0F331-1D99-42F6-9926-34C3EAD78BBF} = {01B7F227-CE8F-41FD-9AF8-6AF5E5259161}
		{4EA615C5-8C04-4EA1-91DA-C86DA54D2E63} = {01B7F227-CE8F-41FD-9AF8-6AF5E5259161}
		{54635492-7F95-449B-8C5B-493566F68D4A} = {01B7F227-CE8F-41FD-9AF8-6AF5E5259161}
		{00AA7CFA-B348-4303-B3D0-40750DA10B94} = {01B7F227-CE8F-41FD-9AF8-6AF5E5259161}
		{5FE99439-ED53-4216-900E-BCE945B823A8} = {CFFB1EB9-6447-4C20-8400-27D7E2B04508}
		{8FEE8B39-FD29-42F2-AEF7-23EA8BF77A64} = {5FE99439-ED53-4216-900E-BCE945B823A8}
		{FA2D0E47-A4BE-4242-9729-05AF713D1F83} = {8FEE8B39-FD29-42F2-AEF7-23EA8BF77A64}
		{E6C3A601-675C-4CFB-B35C-96C12A1F29E7} = {8FEE8B39-FD29-42F2-AEF7-23EA8BF77A64}
		{D376ADDC-AD31-4F09-B591-1251BDBC2AF6} = {8FEE8B39-FD29-42F2-AEF7-23EA8BF77A64}
		{88278890-7E9E-4581-BEA8-320EF3BD8914} = {8FEE8B39-FD29-42F2-AEF7-23EA8BF77A64}
		{BBB5045B-D84E-4494-9812-9B3BE2D5F666} = {8FEE8B39-FD29-42F2-AEF7-23EA8BF77A64}
	EndGlobalSection
	GlobalSection(ExtensibilityGlobals) = postSolution
		SolutionGuid = {C127633B-AB1B-43AE-A516-DCF06F13F757}
	EndGlobalSection
EndGlobal
